lockfileVersion: '9.0'

settings:
  autoInstallPeers: true
  excludeLinksFromLockfile: false

importers:

  .:
    dependencies:
      '@vue/component-compiler-utils':
        specifier: ^3.3.0
        version: 3.3.0
      ts-morph:
        specifier: ^21.0.0
        version: 21.0.1
      vue-template-compiler:
        specifier: ^2.7.16
        version: 2.7.16
    devDependencies:
      '@types/node':
        specifier: ^20.0.0
        version: 20.19.41
      '@types/vscode':
        specifier: ^1.85.0
        version: 1.120.0
      typescript:
        specifier: ^5.3.0
        version: 5.9.3

packages:

  '@nodelib/fs.scandir@2.1.5':
    resolution: {integrity: sha512-vq24Bq3ym5HEQm2NKCr3yXDwjc7vTsEThRDnkp2DK9p1uqLR+DHurm/NOTo0KG7HYHU7eppKZj3MyqYuMBf62g==}
    engines: {node: '>= 8'}

  '@nodelib/fs.stat@2.0.5':
    resolution: {integrity: sha512-RkhPPp2zrqDAQA/2jNhnztcPAlv64XdhIp7a7454A5ovI7Bukxgt7MX7udwAu3zg1DcpPU0rz3VV1SeaqvY4+A==}
    engines: {node: '>= 8'}

  '@nodelib/fs.walk@1.2.8':
    resolution: {integrity: sha512-oGB+UxlgWcgQkgwo8GcEGwemoTFt3FIO9ababBmaGwXIoBKZ+GTy0pP185beGg7Llih/NSHSV2XAs1lnznocSg==}
    engines: {node: '>= 8'}

  '@ts-morph/common@0.22.0':
    resolution: {integrity: sha512-HqNBuV/oIlMKdkLshXd1zKBqNQCsuPEsgQOkfFQ/eUKjRlwndXW1AjN9LVkBEIukm00gGXSRmfkl0Wv5VXLnlw==}

  '@types/node@20.19.41':
    resolution: {integrity: sha512-ECymXOukMnOoVkC2bb1Vc/w/836DXncOg5m8Xj1RH7xSHZJWNYY6Zh7EH477vcnD5egKNNfy2RpNOmuChhFPgQ==}

  '@types/vscode@1.120.0':
    resolution: {integrity: sha512-feaT4Rst+FkTch5zz/ZbNCxoIvo55YU80Be2kiL7OJcod4+CUYf2lUBPdIJzozNnSEMq1VRTGrWEcCGFB3fBmA==}

  '@vue/component-compiler-utils@3.3.0':
    resolution: {integrity: sha512-97sfH2mYNU+2PzGrmK2haqffDpVASuib9/w2/noxiFi31Z54hW+q3izKQXXQZSNhtiUpAI36uSuYepeBe4wpHQ==}

  balanced-match@1.0.2:
    resolution: {integrity: sha512-3oSeUO0TMV67hN1AmbXsK4yaqU7tjiHlbxRDZOpH0KW9+CeX4bRAaX0Anxt0tx2MrpRpWwQaPwIlISEJhYU5Pw==}

  bluebird@3.7.2:
    resolution: {integrity: sha512-XpNj6GDQzdfW+r2Wnn7xiSAd7TM3jzkxGXBGTtWKuSXv1xUV+azxAm8jdWZN06QTQk+2N2XB9jRDkvbmQmcRtg==}

  brace-expansion@2.1.0:
    resolution: {integrity: sha512-TN1kCZAgdgweJhWWpgKYrQaMNHcDULHkWwQIspdtjV4Y5aurRdZpjAqn6yX3FPqTA9ngHCc4hJxMAMgGfve85w==}

  braces@3.0.3:
    resolution: {integrity: sha512-yQbXgO/OSZVD2IsiLlro+7Hf6Q18EJrKSEsdoMzKePKXct3gvD8oLcOQdIzGupr5Fj+EDe8gO/lxc1BzfMpxvA==}
    engines: {node: '>=8'}

  code-block-writer@12.0.0:
    resolution: {integrity: sha512-q4dMFMlXtKR3XNBHyMHt/3pwYNA69EDk00lloMOaaUMKPUXBw6lpXtbu3MMVG6/uOihGnRDOlkyqsONEUj60+w==}

  consolidate@0.15.1:
    resolution: {integrity: sha512-DW46nrsMJgy9kqAbPt5rKaCr7uFtpo4mSUvLHIUbJEjm0vo+aY5QLwBUq3FK4tRnJr/X0Psc0C4jf/h+HtXSMw==}
    engines: {node: '>= 0.10.0'}
    peerDependencies:
      arc-templates: ^0.5.3
      atpl: '>=0.7.6'
      babel-core: ^6.26.3
      bracket-template: ^1.1.5
      coffee-script: ^1.12.7
      dot: ^1.1.3
      dust: ^0.3.0
      dustjs-helpers: ^1.7.4
      dustjs-linkedin: ^2.7.5
      eco: ^1.1.0-rc-3
      ect: ^0.5.9
      ejs: ^3.1.5
      haml-coffee: ^1.14.1
      hamlet: ^0.3.3
      hamljs: ^0.6.2
      handlebars: ^4.7.6
      hogan.js: ^3.0.2
      htmling: ^0.0.8
      jade: ^1.11.0
      jazz: ^0.0.18
      jqtpl: ~1.1.0
      just: ^0.1.8
      liquid-node: ^3.0.1
      liquor: ^0.0.5
      lodash: ^4.17.20
      marko: ^3.14.4
      mote: ^0.2.0
      mustache: ^3.0.0
      nunjucks: ^3.2.2
      plates: ~0.4.11
      pug: ^3.0.0
      qejs: ^3.0.5
      ractive: ^1.3.12
      razor-tmpl: ^1.3.1
      react: ^16.13.1
      react-dom: ^16.13.1
      slm: ^2.0.0
      squirrelly: ^5.1.0
      swig: ^1.4.2
      swig-templates: ^2.0.3
      teacup: ^2.0.0
      templayed: '>=0.2.3'
      then-jade: '*'
      then-pug: '*'
      tinyliquid: ^0.2.34
      toffee: ^0.3.6
      twig: ^1.15.2
      twing: ^5.0.2
      underscore: ^1.11.0
      vash: ^0.13.0
      velocityjs: ^2.0.1
      walrus: ^0.10.1
      whiskers: ^0.4.0
    peerDependenciesMeta:
      arc-templates:
        optional: true
      atpl:
        optional: true
      babel-core:
        optional: true
      bracket-template:
        optional: true
      coffee-script:
        optional: true
      dot:
        optional: true
      dust:
        optional: true
      dustjs-helpers:
        optional: true
      dustjs-linkedin:
        optional: true
      eco:
        optional: true
      ect:
        optional: true
      ejs:
        optional: true
      haml-coffee:
        optional: true
      hamlet:
        optional: true
      hamljs:
        optional: true
      handlebars:
        optional: true
      hogan.js:
        optional: true
      htmling:
        optional: true
      jade:
        optional: true
      jazz:
        optional: true
      jqtpl:
        optional: true
      just:
        optional: true
      liquid-node:
        optional: true
      liquor:
        optional: true
      lodash:
        optional: true
      marko:
        optional: true
      mote:
        optional: true
      mustache:
        optional: true
      nunjucks:
        optional: true
      plates:
        optional: true
      pug:
        optional: true
      qejs:
        optional: true
      ractive:
        optional: true
      razor-tmpl:
        optional: true
      react:
        optional: true
      react-dom:
        optional: true
      slm:
        optional: true
      squirrelly:
        optional: true
      swig:
        optional: true
      swig-templates:
        optional: true
      teacup:
        optional: true
      templayed:
        optional: true
      then-jade:
        optional: true
      then-pug:
        optional: true
      tinyliquid:
        optional: true
      toffee:
        optional: true
      twig:
        optional: true
      twing:
        optional: true
      underscore:
        optional: true
      vash:
        optional: true
      velocityjs:
        optional: true
      walrus:
        optional: true
      whiskers:
        optional: true

  cssesc@3.0.0:
    resolution: {integrity: sha512-/Tb/JcjK111nNScGob5MNtsntNM1aCNUDipB/TkwZFhyDrrE47SOx/18wF2bbjgc3ZzCSKW1T5nt5EbFoAz/Vg==}
    engines: {node: '>=4'}
    hasBin: true

  de-indent@1.0.2:
    resolution: {integrity: sha1-sgOOhG3DO6pXlhKNCAS0VbjB4h0=}

  fast-glob@3.3.3:
    resolution: {integrity: sha512-7MptL8U0cqcFdzIzwOTHoilX9x5BrNqye7Z/LuC7kCMRio1EMSyqRK3BEAUD7sXRq4iT4AzTVuZdhgQ2TCvYLg==}
    engines: {node: '>=8.6.0'}

  fastq@1.20.1:
    resolution: {integrity: sha512-GGToxJ/w1x32s/D2EKND7kTil4n8OVk/9mycTc4VDza13lOvpUZTGX3mFSCtV9ksdGBVzvsyAVLM6mHFThxXxw==}

  fill-range@7.1.1:
    resolution: {integrity: sha512-YsGpe3WHLK8ZYi4tWDg2Jy3ebRz2rXowDxnld4bkQB00cc/1Zw9AWnC0i9ztDJitivtQvaI9KaLyKrc+hBW0yg==}
    engines: {node: '>=8'}

  glob-parent@5.1.2:
    resolution: {integrity: sha512-AOIgSQCepiJYwP3ARnGx+5VnTu2HBYdzbGP45eLw1vr3zB3vZLeyed1sC9hnbcOc9/SrMyM5RPQrkGz4aS9Zow==}
    engines: {node: '>= 6'}

  hash-sum@1.0.2:
    resolution: {integrity: sha1-M7QHd3VMZDJXPBIMw4CLvRDUfwQ=}

  he@1.2.0:
    resolution: {integrity: sha512-F/1DnUGPopORZi0ni+CvrCgHQ5FyEAHRLSApuYWMmrbSwoN2Mn/7k+Gl38gJnR7yyDZk6WLXwiGod1JOWNDKGw==}
    hasBin: true

  is-extglob@2.1.1:
    resolution: {integrity: sha1-qIwCU1eR8C7TfHahueqXc8gz+MI=}
    engines: {node: '>=0.10.0'}

  is-glob@4.0.3:
    resolution: {integrity: sha512-xelSayHH36ZgE7ZWhli7pW34hNbNl8Ojv5KVmkJD4hBdD3th8Tfk9vYasLM+mXWOZhFkgZfxhLSnrwRr4elSSg==}
    engines: {node: '>=0.10.0'}

  is-number@7.0.0:
    resolution: {integrity: sha512-41Cifkg6e8TylSpdtTpeLVMqvSBEVzTttHvERD741+pnZ8ANv0004MRL43QKPDlK9cGvNp6NZWZUBlbGXYxxng==}
    engines: {node: '>=0.12.0'}

  lru-cache@4.1.5:
    resolution: {integrity: sha512-sWZlbEP2OsHNkXrMl5GYk/jKk70MBng6UU4YI/qGDYbgf6YbP4EvmqISbXCoJiRKs+1bSpFHVgQxvJ17F2li5g==}

  merge-source-map@1.1.0:
    resolution: {integrity: sha512-Qkcp7P2ygktpMPh2mCQZaf3jhN6D3Z/qVZHSdWvQ+2Ef5HgRAPBO57A77+ENm0CPx2+1Ce/MYKi3ymqdfuqibw==}

  merge2@1.4.1:
    resolution: {integrity: sha512-8q7VEgMJW4J8tcfVPy8g09NcQwZdbwFEqhe/WZkoIzjn/3TGDwtOCYtXGxA3O8tPzpczCCDgv+P2P5y00ZJOOg==}
    engines: {node: '>= 8'}

  micromatch@4.0.8:
    resolution: {integrity: sha512-PXwfBhYu0hBCPw8Dn0E+WDYb7af3dSLVWKi3HGv84IdF4TyFoC0ysxFd0Goxw7nSv4T/PzEJQxsYsEiFCKo2BA==}
    engines: {node: '>=8.6'}

  minimatch@9.0.9:
    resolution: {integrity: sha512-OBwBN9AL4dqmETlpS2zasx+vTeWclWzkblfZk7KTA5j3jeOONz/tRCnZomUyvNg83wL5Zv9Ss6HMJXAgL8R2Yg==}
    engines: {node: '>=16 || 14 >=14.17'}

  mkdirp@3.0.1:
    resolution: {integrity: sha512-+NsyUUAZDmo6YVHzL/stxSu3t9YS1iljliy3BSDrXJ/dkn1KYdmtZODGGjLcc9XLgVVpH4KshHB8XmZgMhaBXg==}
    engines: {node: '>=10'}
    hasBin: true

  path-browserify@1.0.1:
    resolution: {integrity: sha512-b7uo2UCUOYZcnF/3ID0lulOJi/bafxa1xPe7ZPsammBSpjSWQkjNxlt635YGS2MiR9GjvuXCtz2emr3jbsz98g==}

  picocolors@0.2.1:
    resolution: {integrity: sha512-cMlDqaLEqfSaW8Z7N5Jw+lyIW869EzT73/F5lhtY9cLGoVxSXznfgfXMO0Z5K0o0Q2TkTXq+0KFsdnSe3jDViA==}

  picomatch@2.3.2:
    resolution: {integrity: sha512-V7+vQEJ06Z+c5tSye8S+nHUfI51xoXIXjHQ99cQtKUkQqqO1kO/KCJUfZXuB47h/YBlDhah2H3hdUGXn8ie0oA==}
    engines: {node: '>=8.6'}

  postcss-selector-parser@6.1.2:
    resolution: {integrity: sha512-Q8qQfPiZ+THO/3ZrOrO0cJJKfpYCagtMUkXbnEfmgUjwXg6z/WBeOyS9APBBPCTSiDV+s4SwQGu8yFsiMRIudg==}
    engines: {node: '>=4'}

  postcss@7.0.39:
    resolution: {integrity: sha512-yioayjNbHn6z1/Bywyb2Y4s3yvDAeXGOyxqD+LnVOinq6Mdmd++SW2wUNVzavyyHxd6+DxzWGIuosg6P1Rj8uA==}
    engines: {node: '>=6.0.0'}

  prettier@2.8.8:
    resolution: {integrity: sha512-tdN8qQGvNjw4CHbY+XXk0JgCXn9QiF21a55rBe5LJAU+kDyC4WQn4+awm2Xfk2lQMk5fKup9XgzTZtGkjBdP9Q==}
    engines: {node: '>=10.13.0'}
    hasBin: true

  pseudomap@1.0.2:
    resolution: {integrity: sha1-8FKijacOYYkX7wqKw0wa5aaChrM=}

  queue-microtask@1.2.3:
    resolution: {integrity: sha512-NuaNSa6flKT5JaSYQzJok04JzTL1CA6aGhv5rfLW3PgqA+M2ChpZQnAC8h8i4ZFkBS8X5RqkDBHA7r4hej3K9A==}

  reusify@1.1.0:
    resolution: {integrity: sha512-g6QUff04oZpHs0eG5p83rFLhHeV00ug/Yf9nZM6fLeUrPguBTkTQOdpAWWspMh55TZfVQDPaN3NQJfbVRAxdIw==}
    engines: {iojs: '>=1.0.0', node: '>=0.10.0'}

  run-parallel@1.2.0:
    resolution: {integrity: sha512-5l4VyZR86LZ/lDxZTR6jqL8AFE2S0IFLMP26AbjsLVADxHdhB/c0GUsH+y39UfCi3dzz8OlQuPmnaJOMoDHQBA==}

  source-map@0.6.1:
    resolution: {integrity: sha512-UjgapumWlbMhkBgzT7Ykc5YXUT46F0iKu8SGXq0bcwP5dz/h0Plj6enJqjz1Zbq2l5WaqYnrVbwWOWMyF3F47g==}
    engines: {node: '>=0.10.0'}

  to-regex-range@5.0.1:
    resolution: {integrity: sha512-65P7iz6X5yEr1cwcgvQxbbIw7Uk3gOy5dIdtZ4rDveLqhrdJP+Li/Hx6tyK0NEb+2GCyneCMJiGqrADCSNk8sQ==}
    engines: {node: '>=8.0'}

  ts-morph@21.0.1:
    resolution: {integrity: sha512-dbDtVdEAncKctzrVZ+Nr7kHpHkv+0JDJb2MjjpBaj8bFeCkePU9rHfMklmhuLFnpeq/EJZk2IhStY6NzqgjOkg==}

  typescript@5.9.3:
    resolution: {integrity: sha512-jl1vZzPDinLr9eUt3J/t7V6FgNEw9QjvBPdysz9KfQDD41fQrC2Y4vKQdiaUpFT4bXlb1RHhLpp8wtm6M5TgSw==}
    engines: {node: '>=14.17'}
    hasBin: true

  undici-types@6.21.0:
    resolution: {integrity: sha512-iwDZqg0QAGrg9Rav5H4n0M64c3mkR59cJ6wQp+7C4nI0gsmExaedaYLNO44eT4AtBBwjbTiGPMlt2Md0T9H9JQ==}

  util-deprecate@1.0.2:
    resolution: {integrity: sha1-RQ1Nyfpw3nMnYvvS1KKJgUGaDM8=}

  vue-template-compiler@2.7.16:
    resolution: {integrity: sha512-AYbUWAJHLGGQM7+cNTELw+KsOG9nl2CnSv467WobS5Cv9uk3wFcnr1Etsz2sEIHEZvw1U+o9mRlEO6QbZvUPGQ==}

  vue-template-es2015-compiler@1.9.1:
    resolution: {integrity: sha512-4gDntzrifFnCEvyoO8PqyJDmguXgVPxKiIxrBKjIowvL9l+N66196+72XVYR8BBf1Uv1Fgt3bGevJ+sEmxfZzw==}

  yallist@2.1.2:
    resolution: {integrity: sha1-HBH5IY8HYImkfdUS+TxmmaaoHVI=}

snapshots:

  '@nodelib/fs.scandir@2.1.5':
    dependencies:
      '@nodelib/fs.stat': 2.0.5
      run-parallel: 1.2.0

  '@nodelib/fs.stat@2.0.5': {}

  '@nodelib/fs.walk@1.2.8':
    dependencies:
      '@nodelib/fs.scandir': 2.1.5
      fastq: 1.20.1

  '@ts-morph/common@0.22.0':
    dependencies:
      fast-glob: 3.3.3
      minimatch: 9.0.9
      mkdirp: 3.0.1
      path-browserify: 1.0.1

  '@types/node@20.19.41':
    dependencies:
      undici-types: 6.21.0

  '@types/vscode@1.120.0': {}

  '@vue/component-compiler-utils@3.3.0':
    dependencies:
      consolidate: 0.15.1
      hash-sum: 1.0.2
      lru-cache: 4.1.5
      merge-source-map: 1.1.0
      postcss: 7.0.39
      postcss-selector-parser: 6.1.2
      source-map: 0.6.1
      vue-template-es2015-compiler: 1.9.1
    optionalDependencies:
      prettier: 2.8.8
    transitivePeerDependencies:
      - arc-templates
      - atpl
      - babel-core
      - bracket-template
      - coffee-script
      - dot
      - dust
      - dustjs-helpers
      - dustjs-linkedin
      - eco
      - ect
      - ejs
      - haml-coffee
      - hamlet
      - hamljs
      - handlebars
      - hogan.js
      - htmling
      - jade
      - jazz
      - jqtpl
      - just
      - liquid-node
      - liquor
      - lodash
      - marko
      - mote
      - mustache
      - nunjucks
      - plates
      - pug
      - qejs
      - ractive
      - razor-tmpl
      - react
      - react-dom
      - slm
      - squirrelly
      - swig
      - swig-templates
      - teacup
      - templayed
      - then-jade
      - then-pug
      - tinyliquid
      - toffee
      - twig
      - twing
      - underscore
      - vash
      - velocityjs
      - walrus
      - whiskers

  balanced-match@1.0.2: {}

  bluebird@3.7.2: {}

  brace-expansion@2.1.0:
    dependencies:
      balanced-match: 1.0.2

  braces@3.0.3:
    dependencies:
      fill-range: 7.1.1

  code-block-writer@12.0.0: {}

  consolidate@0.15.1:
    dependencies:
      bluebird: 3.7.2

  cssesc@3.0.0: {}

  de-indent@1.0.2: {}

  fast-glob@3.3.3:
    dependencies:
      '@nodelib/fs.stat': 2.0.5
      '@nodelib/fs.walk': 1.2.8
      glob-parent: 5.1.2
      merge2: 1.4.1
      micromatch: 4.0.8

  fastq@1.20.1:
    dependencies:
      reusify: 1.1.0

  fill-range@7.1.1:
    dependencies:
      to-regex-range: 5.0.1

  glob-parent@5.1.2:
    dependencies:
      is-glob: 4.0.3

  hash-sum@1.0.2: {}

  he@1.2.0: {}

  is-extglob@2.1.1: {}

  is-glob@4.0.3:
    dependencies:
      is-extglob: 2.1.1

  is-number@7.0.0: {}

  lru-cache@4.1.5:
    dependencies:
      pseudomap: 1.0.2
      yallist: 2.1.2

  merge-source-map@1.1.0:
    dependencies:
      source-map: 0.6.1

  merge2@1.4.1: {}

  micromatch@4.0.8:
    dependencies:
      braces: 3.0.3
      picomatch: 2.3.2

  minimatch@9.0.9:
    dependencies:
      brace-expansion: 2.1.0

  mkdirp@3.0.1: {}

  path-browserify@1.0.1: {}

  picocolors@0.2.1: {}

  picomatch@2.3.2: {}

  postcss-selector-parser@6.1.2:
    dependencies:
      cssesc: 3.0.0
      util-deprecate: 1.0.2

  postcss@7.0.39:
    dependencies:
      picocolors: 0.2.1
      source-map: 0.6.1

  prettier@2.8.8:
    optional: true

  pseudomap@1.0.2: {}

  queue-microtask@1.2.3: {}

  reusify@1.1.0: {}

  run-parallel@1.2.0:
    dependencies:
      queue-microtask: 1.2.3

  source-map@0.6.1: {}

  to-regex-range@5.0.1:
    dependencies:
      is-number: 7.0.0

  ts-morph@21.0.1:
    dependencies:
      '@ts-morph/common': 0.22.0
      code-block-writer: 12.0.0

  typescript@5.9.3: {}

  undici-types@6.21.0: {}

  util-deprecate@1.0.2: {}

  vue-template-compiler@2.7.16:
    dependencies:
      de-indent: 1.0.2
      he: 1.2.0

  vue-template-es2015-compiler@1.9.1: {}

  yallist@2.1.2: {}
